<?xml version="1.0" encoding="utf-8"?>
<Project ToolsVersion="4.0" xmlns="http://schemas.microsoft.com/developer/msbuild/2003">
  <ItemGroup>
    <Filter Include="ソース ファイル">
      <UniqueIdentifier>{4FC737F1-C7A5-4376-A066-2A32D752A2FF}</UniqueIdentifier>
      <Extensions>cpp;c;cc;cxx;c++;cppm;ixx;def;odl;idl;hpj;bat;asm;asmx</Extensions>
    </Filter>
    <Filter Include="ヘッダー ファイル">
      <UniqueIdentifier>{93995380-89BD-4b04-88EB-625FBE52EBFB}</UniqueIdentifier>
      <Extensions>h;hh;hpp;hxx;h++;hm;inl;inc;ipp;xsd</Extensions>
    </Filter>
    <Filter Include="リソース ファイル">
      <UniqueIdentifier>{67DA6AB6-F800-4c08-8B7A-83BB121AAD01}</UniqueIdentifier>
      <Extensions>rc;ico;cur;bmp;dlg;rc2;rct;bin;rgs;gif;jpg;jpeg;jpe;resx;tiff;tif;png;wav;mfcribbon-ms</Extensions>
    </Filter>
    <Filter Include="imgui">
      <UniqueIdentifier>{1b8eccf2-8cd3-4124-bf12-80020aecc252}</UniqueIdentifier>
    </Filter>
    <Filter Include="Engine">
      <UniqueIdentifier>{1b09af22-3990-45f5-9cbc-893068b84a02}</UniqueIdentifier>
    </Filter>
    <Filter Include="Engine\base">
      <UniqueIdentifier>{9c94228a-2e48-4af2-ba5f-db5ac31975da}</UniqueIdentifier>
    </Filter>
    <Filter Include="Engine\3d">
      <UniqueIdentifier>{ec1d671d-6bf0-4d3a-a0d8-4a32d5dfda48}</UniqueIdentifier>
    </Filter>
    <Filter Include="Engine\2d">
      <UniqueIdentifier>{f0d73ae0-f3e4-43ff-97f7-b3a96887faca}</UniqueIdentifier>
    </Filter>
    <Filter Include="Engine\input">
      <UniqueIdentifier>{78de4634-8756-48af-b08d-74fa1418cc43}</UniqueIdentifier>
    </Filter>
    <Filter Include="Engine\math">
      <UniqueIdentifier>{131f57df-21c8-4dee-a1c9-10008ccfab6e}</UniqueIdentifier>
    </Filter>
    <Filter Include="shader">
      <UniqueIdentifier>{2a5b9dae-21a2-4c74-9087-579535ef9bc2}</UniqueIdentifier>
    </Filter>
    <Filter Include="Engine\manager">
      <UniqueIdentifier>{76fbb517-0468-44d8-949f-2271126881b9}</UniqueIdentifier>
    </Filter>
    <Filter Include="Game">
      <UniqueIdentifier>{ab1ff59b-4e59-4fc1-bb6b-0f667912d291}</UniqueIdentifier>
    </Filter>
    <Filter Include="Game\player">
      <UniqueIdentifier>{917f4b7e-6a0d-44e4-a646-8f1b0084b8a6}</UniqueIdentifier>
    </Filter>
    <Filter Include="Game\gameScene">
      <UniqueIdentifier>{9faf39e3-20d2-4aac-9535-c1d01738b60f}</UniqueIdentifier>
    </Filter>
    <Filter Include="Game\enemy">
      <UniqueIdentifier>{87b21323-17e1-416c-817c-1030260f5109}</UniqueIdentifier>
    </Filter>
    <Filter Include="Game\stage">
      <UniqueIdentifier>{5825f192-7d68-4fbc-9f67-046c78643a1a}</UniqueIdentifier>
    </Filter>
    <Filter Include="Engine\MapEditor">
      <UniqueIdentifier>{0e3679e7-07f9-4d31-9250-af2cbdc32f60}</UniqueIdentifier>
    </Filter>
    <Filter Include="Game\Icommand">
      <UniqueIdentifier>{3224a92f-69bd-49f2-9fa3-033bdc03f5ee}</UniqueIdentifier>
    </Filter>
    <Filter Include="Game\InputHandler">
      <UniqueIdentifier>{1f9f6ade-fb83-4696-a7e2-b462248ba2ab}</UniqueIdentifier>
    </Filter>
  </ItemGroup>
  <ItemGroup>
    <ClCompile Include="main.cpp">
      <Filter>ソース ファイル</Filter>
    </ClCompile>
    <ClCompile Include="externals\imgui\imgui.cpp">
      <Filter>imgui</Filter>
    </ClCompile>
    <ClCompile Include="externals\imgui\imgui_demo.cpp">
      <Filter>imgui</Filter>
    </ClCompile>
    <ClCompile Include="externals\imgui\imgui_draw.cpp">
      <Filter>imgui</Filter>
    </ClCompile>
    <ClCompile Include="externals\imgui\imgui_impl_dx12.cpp">
      <Filter>imgui</Filter>
    </ClCompile>
    <ClCompile Include="externals\imgui\imgui_impl_win32.cpp">
      <Filter>imgui</Filter>
    </ClCompile>
    <ClCompile Include="externals\imgui\imgui_tables.cpp">
      <Filter>imgui</Filter>
    </ClCompile>
    <ClCompile Include="externals\imgui\imgui_widgets.cpp">
      <Filter>imgui</Filter>
    </ClCompile>
    <ClCompile Include="Engine\Engine.cpp">
      <Filter>Engine</Filter>
    </ClCompile>
    <ClCompile Include="Engine\base\Camera.cpp">
      <Filter>Engine\base</Filter>
    </ClCompile>
    <ClCompile Include="Engine\base\DirectXCommon.cpp">
      <Filter>Engine\base</Filter>
    </ClCompile>
    <ClCompile Include="Engine\base\WinApp.cpp">
      <Filter>Engine\base</Filter>
    </ClCompile>
    <ClCompile Include="Engine\2d\Sprite.cpp">
      <Filter>Engine\2d</Filter>
    </ClCompile>
    <ClCompile Include="Engine\3d\Material.cpp">
      <Filter>Engine\3d</Filter>
    </ClCompile>
    <ClCompile Include="Engine\3d\Mesh.cpp">
      <Filter>Engine\3d</Filter>
    </ClCompile>
    <ClCompile Include="Engine\3d\Model.cpp">
      <Filter>Engine\3d</Filter>
    </ClCompile>
    <ClCompile Include="Engine\input\Input.cpp">
      <Filter>Engine\input</Filter>
    </ClCompile>
    <ClCompile Include="Engine\math\Matrix4x4.cpp">
      <Filter>Engine\math</Filter>
    </ClCompile>
    <ClCompile Include="Engine\math\Vector3.cpp">
      <Filter>Engine\math</Filter>
    </ClCompile>
    <ClCompile Include="Engine\Convert.cpp">
      <Filter>Engine</Filter>
    </ClCompile>
    <ClCompile Include="Engine\manager\ShaderManager.cpp">
      <Filter>Engine\manager</Filter>
    </ClCompile>
    <ClCompile Include="Engine\3d\WorldTransform.cpp">
      <Filter>Engine\3d</Filter>
    </ClCompile>
    <ClCompile Include="Engine\3d\ViewProjection.cpp">
      <Filter>Engine\3d</Filter>
    </ClCompile>
    <ClCompile Include="Game\gamescene\GameScene.cpp">
      <Filter>Game\gameScene</Filter>
    </ClCompile>
    <ClCompile Include="Game\player\Player.cpp">
      <Filter>Game\player</Filter>
    </ClCompile>
    <ClCompile Include="Game\stage\Stage.cpp">
      <Filter>Game\stage</Filter>
    </ClCompile>
    <ClCompile Include="Game\enemy\Enemy.cpp">
      <Filter>Game\enemy</Filter>
    </ClCompile>
    <ClCompile Include="Engine\math\Collision.cpp">
      <Filter>Engine\math</Filter>
    </ClCompile>
    <ClCompile Include="Engine\Leak.cpp">
      <Filter>Engine</Filter>
    </ClCompile>
    <ClCompile Include="Engine\manager\TextureManager.cpp">
      <Filter>Engine\manager</Filter>
    </ClCompile>
    <ClCompile Include="Engine\3d\Particle3D.cpp">
      <Filter>Engine\3d</Filter>
    </ClCompile>
    <ClCompile Include="ModelManager.cpp">
      <Filter>Engine\3d</Filter>
    </ClCompile>
    <ClCompile Include="Engine\manager\AudioManager.cpp">
      <Filter>Engine\manager</Filter>
    </ClCompile>
    <ClCompile Include="Game\Icommand\ICommand.cpp">
      <Filter>Game\Icommand</Filter>
    </ClCompile>
    <ClCompile Include="Game\InputHandler\InputHandler.cpp">
      <Filter>Game\InputHandler</Filter>
    </ClCompile>
  </ItemGroup>
  <ItemGroup>
    <ClInclude Include="externals\imgui\imconfig.h">
      <Filter>imgui</Filter>
    </ClInclude>
    <ClInclude Include="externals\imgui\imgui.h">
      <Filter>imgui</Filter>
    </ClInclude>
    <ClInclude Include="externals\imgui\imgui_impl_dx12.h">
      <Filter>imgui</Filter>
    </ClInclude>
    <ClInclude Include="externals\imgui\imgui_impl_win32.h">
      <Filter>imgui</Filter>
    </ClInclude>
    <ClInclude Include="externals\imgui\imgui_internal.h">
      <Filter>imgui</Filter>
    </ClInclude>
    <ClInclude Include="externals\imgui\imstb_rectpack.h">
      <Filter>imgui</Filter>
    </ClInclude>
    <ClInclude Include="externals\imgui\imstb_textedit.h">
      <Filter>imgui</Filter>
    </ClInclude>
    <ClInclude Include="externals\imgui\imstb_truetype.h">
      <Filter>imgui</Filter>
    </ClInclude>
    <ClInclude Include="Engine\Engine.h">
      <Filter>Engine</Filter>
    </ClInclude>
    <ClInclude Include="Engine\base\Camera.h">
      <Filter>Engine\base</Filter>
    </ClInclude>
    <ClInclude Include="Engine\base\DirectXCommon.h">
      <Filter>Engine\base</Filter>
    </ClInclude>
    <ClInclude Include="Engine\base\SafeDelete.h">
      <Filter>Engine\base</Filter>
    </ClInclude>
    <ClInclude Include="Engine\base\WinApp.h">
      <Filter>Engine\base</Filter>
    </ClInclude>
    <ClInclude Include="Engine\2d\Sprite.h">
      <Filter>Engine\2d</Filter>
    </ClInclude>
    <ClInclude Include="Engine\3d\Material.h">
      <Filter>Engine\3d</Filter>
    </ClInclude>
    <ClInclude Include="Engine\3d\Mesh.h">
      <Filter>Engine\3d</Filter>
    </ClInclude>
    <ClInclude Include="Engine\3d\Model.h">
      <Filter>Engine\3d</Filter>
    </ClInclude>
    <ClInclude Include="Engine\input\Input.h">
      <Filter>Engine\input</Filter>
    </ClInclude>
    <ClInclude Include="Engine\math\Matrix4x4.h">
      <Filter>Engine\math</Filter>
    </ClInclude>
    <ClInclude Include="Engine\math\Vector2.h">
      <Filter>Engine\math</Filter>
    </ClInclude>
    <ClInclude Include="Engine\math\Vector3.h">
      <Filter>Engine\math</Filter>
    </ClInclude>
    <ClInclude Include="Engine\math\Vector4.h">
      <Filter>Engine\math</Filter>
    </ClInclude>
    <ClInclude Include="Engine\Convert.h">
      <Filter>Engine</Filter>
    </ClInclude>
    <ClInclude Include="Engine\manager\ShaderManager.h">
      <Filter>Engine\manager</Filter>
    </ClInclude>
    <ClInclude Include="Engine\3d\WorldTransform.h">
      <Filter>Engine\3d</Filter>
    </ClInclude>
    <ClInclude Include="Engine\3d\ViewProjection.h">
      <Filter>Engine\3d</Filter>
    </ClInclude>
    <ClInclude Include="Game\gamescene\GameScene.h">
      <Filter>Game\gameScene</Filter>
    </ClInclude>
    <ClInclude Include="Game\player\Player.h">
      <Filter>Game\player</Filter>
    </ClInclude>
    <ClInclude Include="Game\stage\Stage.h">
      <Filter>Game\stage</Filter>
    </ClInclude>
    <ClInclude Include="Game\enemy\Enemy.h">
      <Filter>Game\enemy</Filter>
    </ClInclude>
    <ClInclude Include="Engine\manager\ImGuiManager.h">
      <Filter>Engine\manager</Filter>
    </ClInclude>
    <ClInclude Include="Engine\math\Collision.h">
      <Filter>Engine\math</Filter>
    </ClInclude>
    <ClInclude Include="Engine\Leak.h">
      <Filter>Engine</Filter>
    </ClInclude>
    <ClInclude Include="Engine\manager\TextureManager.h">
      <Filter>Engine\manager</Filter>
    </ClInclude>
    <ClInclude Include="Engine\3d\Particle3D.h">
      <Filter>Engine\3d</Filter>
    </ClInclude>
    <ClInclude Include="ModelManager.h">
      <Filter>Engine\3d</Filter>
    </ClInclude>
    <ClInclude Include="Engine\manager\AudioManager.h">
      <Filter>Engine\manager</Filter>
    </ClInclude>
    <ClInclude Include="Game\Icommand\ICommand.h">
      <Filter>Game\Icommand</Filter>
    </ClInclude>
    <ClInclude Include="Game\InputHandler\InputHandler.h">
      <Filter>Game\InputHandler</Filter>
    </ClInclude>
  </ItemGroup>
  <ItemGroup>
    <Text Include="externals\imgui\LICENSE.txt">
      <Filter>imgui</Filter>
    </Text>
  </ItemGroup>
  <ItemGroup>
    <None Include="resources\shaders\Object3d.hlsli">
      <Filter>shader</Filter>
    </None>
    <None Include="resources\shaders\Sprite.hlsli">
      <Filter>shader</Filter>
    </None>
    <None Include="resources\shaders\Particle3d.hlsli">
      <Filter>shader</Filter>
    </None>
  </ItemGroup>
  <ItemGroup>
    <FxCompile Include="resources\shaders\Object3d.PS.hlsl">
      <Filter>shader</Filter>
    </FxCompile>
    <FxCompile Include="resources\shaders\Object3d.VS.hlsl">
      <Filter>shader</Filter>
    </FxCompile>
    <FxCompile Include="resources\shaders\Sprite.PS.hlsl">
      <Filter>shader</Filter>
    </FxCompile>
    <FxCompile Include="resources\shaders\Sprite.VS.hlsl">
      <Filter>shader</Filter>
    </FxCompile>
    <FxCompile Include="resources\shaders\Particle3d.PS.hlsl">
      <Filter>shader</Filter>
    </FxCompile>
    <FxCompile Include="resources\shaders\Particle3d.VS.hlsl">
      <Filter>shader</Filter>
    </FxCompile>
  </ItemGroup>
</Project>