<?xml version="1.0" encoding="utf-8"?>
<Project ToolsVersion="4.0" xmlns="http://schemas.microsoft.com/developer/msbuild/2003">
  <ItemGroup>
    <Filter Include="ソース ファイル">
      <UniqueIdentifier>{4FC737F1-C7A5-4376-A066-2A32D752A2FF}</UniqueIdentifier>
      <Extensions>cpp;c;cc;cxx;c++;cppm;ixx;def;odl;idl;hpj;bat;asm;asmx</Extensions>
    </Filter>
    <Filter Include="ヘッダー ファイル">
      <UniqueIdentifier>{93995380-89BD-4b04-88EB-625FBE52EBFB}</UniqueIdentifier>
      <Extensions>h;hh;hpp;hxx;h++;hm;inl;inc;ipp;xsd</Extensions>
    </Filter>
    <Filter Include="リソース ファイル">
      <UniqueIdentifier>{67DA6AB6-F800-4c08-8B7A-83BB121AAD01}</UniqueIdentifier>
      <Extensions>rc;ico;cur;bmp;dlg;rc2;rct;bin;rgs;gif;jpg;jpeg;jpe;resx;tiff;tif;png;wav;mfcribbon-ms</Extensions>
    </Filter>
    <Filter Include="Engine">
      <UniqueIdentifier>{1b09af22-3990-45f5-9cbc-893068b84a02}</UniqueIdentifier>
    </Filter>
    <Filter Include="Engine\3d">
      <UniqueIdentifier>{ec1d671d-6bf0-4d3a-a0d8-4a32d5dfda48}</UniqueIdentifier>
    </Filter>
    <Filter Include="Engine\2d">
      <UniqueIdentifier>{f0d73ae0-f3e4-43ff-97f7-b3a96887faca}</UniqueIdentifier>
    </Filter>
    <Filter Include="Engine\input">
      <UniqueIdentifier>{78de4634-8756-48af-b08d-74fa1418cc43}</UniqueIdentifier>
    </Filter>
    <Filter Include="Engine\math">
      <UniqueIdentifier>{131f57df-21c8-4dee-a1c9-10008ccfab6e}</UniqueIdentifier>
    </Filter>
    <Filter Include="shader">
      <UniqueIdentifier>{2a5b9dae-21a2-4c74-9087-579535ef9bc2}</UniqueIdentifier>
    </Filter>
    <Filter Include="Game">
      <UniqueIdentifier>{ab1ff59b-4e59-4fc1-bb6b-0f667912d291}</UniqueIdentifier>
    </Filter>
    <Filter Include="Engine\Tool">
      <UniqueIdentifier>{8e837e6d-46fc-4c8d-8c49-3bd19f5bf5cd}</UniqueIdentifier>
    </Filter>
    <Filter Include="Engine\FrameWork">
      <UniqueIdentifier>{1c02f3b4-90c7-4268-9dd8-0836fc579426}</UniqueIdentifier>
    </Filter>
    <Filter Include="Engine\Drawing">
      <UniqueIdentifier>{b2742f1d-59c0-4882-be1b-f5ddfbe9a60b}</UniqueIdentifier>
    </Filter>
    <Filter Include="Engine\Buffer">
      <UniqueIdentifier>{cedae2d3-4c32-4d7d-b3ea-6d976c344e6e}</UniqueIdentifier>
    </Filter>
    <Filter Include="Game\TitleScene">
      <UniqueIdentifier>{73e3caa1-f2c7-47fc-9740-425b46af129d}</UniqueIdentifier>
    </Filter>
    <Filter Include="Engine\Audio">
      <UniqueIdentifier>{902c668e-ae92-4b9f-973e-14133b58b054}</UniqueIdentifier>
    </Filter>
    <Filter Include="Engine\DescriptorHeap">
      <UniqueIdentifier>{f431b1d4-8000-4680-a4b4-8c20bd428eda}</UniqueIdentifier>
    </Filter>
    <Filter Include="Game\SelectScene">
      <UniqueIdentifier>{7a774741-8c21-4b88-b6a4-61d3f37619ad}</UniqueIdentifier>
    </Filter>
    <Filter Include="Engine\3d\Animation">
      <UniqueIdentifier>{8eee8b8c-b3cc-448f-8ac7-b3f11a9efacd}</UniqueIdentifier>
    </Filter>
    <Filter Include="Engine\3d\Animation\Keyframe">
      <UniqueIdentifier>{4098cefd-5aa2-44e0-b7fa-8b2badd1aaf2}</UniqueIdentifier>
    </Filter>
    <Filter Include="Game\Item">
      <UniqueIdentifier>{1f19433d-ba64-4076-a172-3e7cf492ae44}</UniqueIdentifier>
    </Filter>
    <Filter Include="Game\Block">
      <UniqueIdentifier>{e35197d1-4974-42ed-be59-0551dcfb0d44}</UniqueIdentifier>
    </Filter>
    <Filter Include="Game\Player">
      <UniqueIdentifier>{892cee94-34b7-4a0e-814c-fbaece9ee305}</UniqueIdentifier>
    </Filter>
    <Filter Include="Game\Stage">
      <UniqueIdentifier>{1fff1bfe-0702-4109-b317-07bb27e2a053}</UniqueIdentifier>
    </Filter>
    <Filter Include="Game\GameScene">
      <UniqueIdentifier>{9faf39e3-20d2-4aac-9535-c1d01738b60f}</UniqueIdentifier>
    </Filter>
    <Filter Include="Engine\3d\Animation\Skinning">
      <UniqueIdentifier>{ef5b1056-4872-4352-81be-6fb3287756cc}</UniqueIdentifier>
    </Filter>
    <Filter Include="Engine\Drawing\PostEffect">
      <UniqueIdentifier>{c6695b30-b1ca-4839-9ed1-56b320c60a22}</UniqueIdentifier>
    </Filter>
    <Filter Include="Game\Camera">
      <UniqueIdentifier>{936cbc72-1aae-48ee-88fe-f425ecab5333}</UniqueIdentifier>
    </Filter>
    <Filter Include="Game\Gimmick">
      <UniqueIdentifier>{a2e5d4ac-3f44-4d2b-bd99-cde4972ef156}</UniqueIdentifier>
    </Filter>
    <Filter Include="Engine\Useful">
      <UniqueIdentifier>{61055ec7-62f4-42f8-b708-2fbabce33069}</UniqueIdentifier>
    </Filter>
    <Filter Include="Game\Goal">
      <UniqueIdentifier>{0cc38118-03d8-4959-9df5-fffe622fda0f}</UniqueIdentifier>
    </Filter>
    <Filter Include="Game\EditorScene">
      <UniqueIdentifier>{009a3271-bbab-4f70-87b9-c976f2a6aaae}</UniqueIdentifier>
    </Filter>
    <Filter Include="Game\TestScene">
      <UniqueIdentifier>{4f6925dd-8c9a-4dbb-aa3f-05fc2149e297}</UniqueIdentifier>
    </Filter>
    <Filter Include="Game\Enemy">
      <UniqueIdentifier>{7dcd99ac-32ef-4a7f-ac2a-e716a57461c7}</UniqueIdentifier>
    </Filter>
    <Filter Include="Engine\Core">
      <UniqueIdentifier>{9c94228a-2e48-4af2-ba5f-db5ac31975da}</UniqueIdentifier>
    </Filter>
    <Filter Include="Engine\Collider">
      <UniqueIdentifier>{d476ce19-a150-426e-a5a6-f40c9a0c0b0a}</UniqueIdentifier>
    </Filter>
    <Filter Include="Editor">
      <UniqueIdentifier>{195999bf-2b06-4818-bbf1-668bb7eeaac7}</UniqueIdentifier>
    </Filter>
    <Filter Include="Game\Bullet">
      <UniqueIdentifier>{445430c3-dd91-43e9-9781-caec7c360501}</UniqueIdentifier>
    </Filter>
    <Filter Include="Game\ColorSetter">
      <UniqueIdentifier>{86a6ee48-f5ad-4cfb-8980-5ebe00a209f8}</UniqueIdentifier>
    </Filter>
  </ItemGroup>
  <ItemGroup>
    <ClCompile Include="main.cpp">
      <Filter>ソース ファイル</Filter>
    </ClCompile>
    <ClCompile Include="Engine\Engine.cpp">
      <Filter>Engine</Filter>
    </ClCompile>
    <ClCompile Include="Engine\Core\DirectXSetter.cpp">
      <Filter>Engine\Core</Filter>
    </ClCompile>
    <ClCompile Include="Engine\Core\WindowManager.cpp">
      <Filter>Engine\Core</Filter>
    </ClCompile>
    <ClCompile Include="Engine\2d\Sprite.cpp">
      <Filter>Engine\2d</Filter>
    </ClCompile>
    <ClCompile Include="Engine\3d\Material.cpp">
      <Filter>Engine\3d</Filter>
    </ClCompile>
    <ClCompile Include="Engine\3d\Mesh.cpp">
      <Filter>Engine\3d</Filter>
    </ClCompile>
    <ClCompile Include="Engine\3d\Model.cpp">
      <Filter>Engine\3d</Filter>
    </ClCompile>
    <ClCompile Include="Engine\input\Input.cpp">
      <Filter>Engine\input</Filter>
    </ClCompile>
    <ClCompile Include="Engine\math\Matrix4x4.cpp">
      <Filter>Engine\math</Filter>
    </ClCompile>
    <ClCompile Include="Engine\math\Vector3.cpp">
      <Filter>Engine\math</Filter>
    </ClCompile>
    <ClCompile Include="Engine\Convert.cpp">
      <Filter>Engine</Filter>
    </ClCompile>
    <ClCompile Include="Game\GameScene\GameScene.cpp">
      <Filter>Game\GameScene</Filter>
    </ClCompile>
    <ClCompile Include="Engine\Leak.cpp">
      <Filter>Engine</Filter>
    </ClCompile>
    <ClCompile Include="Engine\3d\Particle3D.cpp">
      <Filter>Engine\3d</Filter>
    </ClCompile>
    <ClCompile Include="Engine\math\Quaternion.cpp">
      <Filter>Engine\math</Filter>
    </ClCompile>
    <ClCompile Include="Engine\math\Rand.cpp">
      <Filter>Engine\math</Filter>
    </ClCompile>
    <ClCompile Include="Engine\Tool\GlobalVariables.cpp">
      <Filter>Engine\Tool</Filter>
    </ClCompile>
    <ClCompile Include="Editor\MapEditor.cpp">
      <Filter>Editor</Filter>
    </ClCompile>
    <ClCompile Include="Game\Game.cpp">
      <Filter>Game</Filter>
    </ClCompile>
    <ClCompile Include="Engine\FrameWork\MolFrameWork.cpp">
      <Filter>Engine\FrameWork</Filter>
    </ClCompile>
    <ClCompile Include="Engine\Drawing\PipelineManager.cpp">
      <Filter>Engine\Drawing</Filter>
    </ClCompile>
    <ClCompile Include="Engine\Drawing\ShaderManager.cpp">
      <Filter>Engine\Drawing</Filter>
    </ClCompile>
    <ClCompile Include="Engine\Buffer\BufferResource.cpp">
      <Filter>Engine\Buffer</Filter>
    </ClCompile>
    <ClCompile Include="Engine\Drawing\RootSignatureManager.cpp">
      <Filter>Engine\Drawing</Filter>
    </ClCompile>
    <ClCompile Include="Engine\FrameWork\SceneManager.cpp">
      <Filter>Engine\FrameWork</Filter>
    </ClCompile>
    <ClCompile Include="Game\SceneFactory.cpp">
      <Filter>Game</Filter>
    </ClCompile>
    <ClCompile Include="Game\TitleScene\TitleScene.cpp">
      <Filter>Game\TitleScene</Filter>
    </ClCompile>
    <ClCompile Include="Engine\Drawing\ModelManager.cpp">
      <Filter>Engine\Drawing</Filter>
    </ClCompile>
    <ClCompile Include="Engine\Drawing\TextureManager.cpp">
      <Filter>Engine\Drawing</Filter>
    </ClCompile>
    <ClCompile Include="Engine\Audio\AudioManager.cpp">
      <Filter>Engine\Audio</Filter>
    </ClCompile>
    <ClCompile Include="Engine\DescriptorHeap\DescriptorHeapManager.cpp">
      <Filter>Engine\DescriptorHeap</Filter>
    </ClCompile>
    <ClCompile Include="Engine\Drawing\DepthStencil.cpp">
      <Filter>Engine\Drawing</Filter>
    </ClCompile>
    <ClCompile Include="Engine\Drawing\MeshManager.cpp">
      <Filter>Engine\Drawing</Filter>
    </ClCompile>
    <ClCompile Include="Engine\math\Transform.cpp">
      <Filter>Engine\math</Filter>
    </ClCompile>
    <ClCompile Include="Game\Player\Player.cpp">
      <Filter>Game\Player</Filter>
    </ClCompile>
    <ClCompile Include="Game\Stage\Stage.cpp">
      <Filter>Game\Stage</Filter>
    </ClCompile>
    <ClCompile Include="Game\Block\Block.cpp">
      <Filter>Game\Block</Filter>
    </ClCompile>
    <ClCompile Include="Game\SelectScene\SelectScene.cpp">
      <Filter>Game\SelectScene</Filter>
    </ClCompile>
    <ClCompile Include="Game\DefaultScene.cpp">
      <Filter>Game</Filter>
    </ClCompile>
    <ClCompile Include="Engine\3d\Animation\Animation.cpp">
      <Filter>Engine\3d\Animation</Filter>
    </ClCompile>
    <ClCompile Include="Game\Item\Paint.cpp">
      <Filter>Game\Item</Filter>
    </ClCompile>
    <ClCompile Include="Engine\Core\DescriptorHandle.cpp">
      <Filter>Engine\Core</Filter>
    </ClCompile>
    <ClCompile Include="Engine\3d\Skinning\SkinCluster.cpp">
      <Filter>Engine\3d\Animation\Skinning</Filter>
    </ClCompile>
    <ClCompile Include="Engine\3d\Skinning\SkinningModel.cpp">
      <Filter>Engine\3d\Animation\Skinning</Filter>
    </ClCompile>
    <ClCompile Include="Engine\Drawing\LineDrawer.cpp">
      <Filter>Engine\Drawing</Filter>
    </ClCompile>
    <ClCompile Include="Engine\Drawing\PostEffect\PostEffectDrawer.cpp">
      <Filter>Engine\Drawing\PostEffect</Filter>
    </ClCompile>
    <ClCompile Include="Engine\Drawing\PostEffect\RenderTexture.cpp">
      <Filter>Engine\Drawing\PostEffect</Filter>
    </ClCompile>
    <ClCompile Include="Engine\Drawing\PostEffect\PostEffects.cpp">
      <Filter>Engine\Drawing\PostEffect</Filter>
    </ClCompile>
    <ClCompile Include="Engine\math\Camera.cpp">
      <Filter>Engine\math</Filter>
    </ClCompile>
    <ClCompile Include="Engine\Collider\Collider.cpp">
      <Filter>Engine\Collider</Filter>
    </ClCompile>
    <ClCompile Include="Engine\Collider\CollisionManager.cpp">
      <Filter>Engine\Collider</Filter>
    </ClCompile>
    <ClCompile Include="Engine\Collider\Collision.cpp">
      <Filter>Engine\Collider</Filter>
    </ClCompile>
    <ClCompile Include="Engine\Drawing\Draw.cpp">
      <Filter>Engine\Drawing</Filter>
    </ClCompile>
    <ClCompile Include="Engine\3d\Skybox.cpp">
      <Filter>Engine\3d</Filter>
    </ClCompile>
    <ClCompile Include="Game\Camera\FollowCamera.cpp">
      <Filter>Game\Camera</Filter>
    </ClCompile>
    <ClCompile Include="Game\Gimmick\Switch.cpp">
      <Filter>Game\Gimmick</Filter>
    </ClCompile>
    <ClCompile Include="Engine\Tool\LevelDataLoader.cpp">
      <Filter>Engine\Tool</Filter>
    </ClCompile>
    <ClCompile Include="Engine\Useful\UsefulFunc.cpp">
      <Filter>Engine\Useful</Filter>
    </ClCompile>
    <ClCompile Include="Game\Goal\Goal.cpp">
      <Filter>Game\Goal</Filter>
    </ClCompile>
    <ClCompile Include="Game\Gimmick\MoveBox.cpp">
      <Filter>Game\Gimmick</Filter>
    </ClCompile>
    <ClCompile Include="Game\Gimmick\Warp.cpp">
      <Filter>Game\Gimmick</Filter>
    </ClCompile>
    <ClCompile Include="Editor\UniqueEditor.cpp">
      <Filter>Editor</Filter>
    </ClCompile>
    <ClCompile Include="Editor\EditorObject.cpp">
      <Filter>Editor</Filter>
    </ClCompile>
    <ClCompile Include="Game\EditorScene\EditorScene.cpp">
      <Filter>Game\EditorScene</Filter>
    </ClCompile>
    <ClCompile Include="Game\Gimmick\GhostBox.cpp">
      <Filter>Game\Gimmick</Filter>
    </ClCompile>
    <ClCompile Include="Game\TestScene\TestScene.cpp">
      <Filter>Game\TestScene</Filter>
    </ClCompile>
    <ClCompile Include="Game\SceneChangeManager.cpp">
      <Filter>Game</Filter>
    </ClCompile>
    <ClCompile Include="Game\Gimmick\CopyCat.cpp">
      <Filter>Game\Gimmick</Filter>
    </ClCompile>
    <ClCompile Include="Engine\math\DebugCamera.cpp">
      <Filter>Engine\math</Filter>
    </ClCompile>
    <ClCompile Include="Game\Enemy\Enemy.cpp">
      <Filter>Game\Enemy</Filter>
    </ClCompile>
    <ClCompile Include="Engine\Drawing\Particle.cpp">
      <Filter>Engine\Drawing</Filter>
    </ClCompile>
    <ClCompile Include="Engine\Drawing\ParticleManager.cpp">
      <Filter>Engine\Drawing</Filter>
    </ClCompile>
    <ClCompile Include="Game\Gimmick\ColorHolder.cpp">
      <Filter>Game\Gimmick</Filter>
    </ClCompile>
    <ClCompile Include="Engine\Core\DescriptorRange.cpp">
      <Filter>Engine\Core</Filter>
    </ClCompile>
    <ClCompile Include="Engine\Core\InputElement.cpp">
      <Filter>Engine\Core</Filter>
    </ClCompile>
    <ClCompile Include="Engine\Core\InputLayout.cpp">
      <Filter>Engine\Core</Filter>
    </ClCompile>
    <ClCompile Include="Engine\Core\RootParameter.cpp">
      <Filter>Engine\Core</Filter>
    </ClCompile>
    <ClCompile Include="Engine\Core\RootSignatureDesc.cpp">
      <Filter>Engine\Core</Filter>
    </ClCompile>
    <ClCompile Include="Engine\Core\StaticSampler.cpp">
      <Filter>Engine\Core</Filter>
    </ClCompile>
    <ClCompile Include="Game\Bullet\Bullet.cpp">
      <Filter>Game\Bullet</Filter>
    </ClCompile>
    <ClCompile Include="Game\player\PlayerState.cpp">
      <Filter>Game\Player</Filter>
    </ClCompile>
    <ClCompile Include="Game\ColorSetter\ColorSetter.cpp">
      <Filter>Game\ColorSetter</Filter>
    </ClCompile>
    <ClCompile Include="Editor\ParticleEditor.cpp">
      <Filter>Editor</Filter>
    </ClCompile>
    <ClCompile Include="Vector4.cpp">
      <Filter>Engine\math</Filter>
    </ClCompile>
  </ItemGroup>
  <ItemGroup>
    <ClInclude Include="Engine\Engine.h">
      <Filter>Engine</Filter>
    </ClInclude>
    <ClInclude Include="Engine\Core\DirectXSetter.h">
      <Filter>Engine\Core</Filter>
    </ClInclude>
    <ClInclude Include="Engine\Core\SafeDelete.h">
      <Filter>Engine\Core</Filter>
    </ClInclude>
    <ClInclude Include="Engine\Core\WindowManager.h">
      <Filter>Engine\Core</Filter>
    </ClInclude>
    <ClInclude Include="Engine\2d\Sprite.h">
      <Filter>Engine\2d</Filter>
    </ClInclude>
    <ClInclude Include="Engine\3d\Material.h">
      <Filter>Engine\3d</Filter>
    </ClInclude>
    <ClInclude Include="Engine\3d\Mesh.h">
      <Filter>Engine\3d</Filter>
    </ClInclude>
    <ClInclude Include="Engine\3d\Model.h">
      <Filter>Engine\3d</Filter>
    </ClInclude>
    <ClInclude Include="Engine\input\Input.h">
      <Filter>Engine\input</Filter>
    </ClInclude>
    <ClInclude Include="Engine\math\Matrix4x4.h">
      <Filter>Engine\math</Filter>
    </ClInclude>
    <ClInclude Include="Engine\math\Vector2.h">
      <Filter>Engine\math</Filter>
    </ClInclude>
    <ClInclude Include="Engine\math\Vector3.h">
      <Filter>Engine\math</Filter>
    </ClInclude>
    <ClInclude Include="Engine\math\Vector4.h">
      <Filter>Engine\math</Filter>
    </ClInclude>
    <ClInclude Include="Engine\Convert.h">
      <Filter>Engine</Filter>
    </ClInclude>
    <ClInclude Include="Game\GameScene\GameScene.h">
      <Filter>Game\GameScene</Filter>
    </ClInclude>
    <ClInclude Include="Engine\Leak.h">
      <Filter>Engine</Filter>
    </ClInclude>
    <ClInclude Include="Engine\3d\Particle3D.h">
      <Filter>Engine\3d</Filter>
    </ClInclude>
    <ClInclude Include="Engine\math\Quaternion.h">
      <Filter>Engine\math</Filter>
    </ClInclude>
    <ClInclude Include="Engine\math\Rand.h">
      <Filter>Engine\math</Filter>
    </ClInclude>
    <ClInclude Include="Engine\Tool\GlobalVariables.h">
      <Filter>Engine\Tool</Filter>
    </ClInclude>
    <ClInclude Include="Editor\MapEditor.h">
      <Filter>Editor</Filter>
    </ClInclude>
    <ClInclude Include="Game\Game.h">
      <Filter>Game</Filter>
    </ClInclude>
    <ClInclude Include="Engine\FrameWork\MolFrameWork.h">
      <Filter>Engine\FrameWork</Filter>
    </ClInclude>
    <ClInclude Include="Engine\Drawing\PipelineManager.h">
      <Filter>Engine\Drawing</Filter>
    </ClInclude>
    <ClInclude Include="Engine\Drawing\ShaderManager.h">
      <Filter>Engine\Drawing</Filter>
    </ClInclude>
    <ClInclude Include="Engine\Buffer\BufferResource.h">
      <Filter>Engine\Buffer</Filter>
    </ClInclude>
    <ClInclude Include="Engine\Drawing\RootSignatureManager.h">
      <Filter>Engine\Drawing</Filter>
    </ClInclude>
    <ClInclude Include="Engine\FrameWork\BaseScene.h">
      <Filter>Engine\FrameWork</Filter>
    </ClInclude>
    <ClInclude Include="Engine\FrameWork\SceneManager.h">
      <Filter>Engine\FrameWork</Filter>
    </ClInclude>
    <ClInclude Include="Engine\FrameWork\AbsSceneFactory.h">
      <Filter>Engine\FrameWork</Filter>
    </ClInclude>
    <ClInclude Include="Game\SceneFactory.h">
      <Filter>Game</Filter>
    </ClInclude>
    <ClInclude Include="Game\TitleScene\TitleScene.h">
      <Filter>Game\TitleScene</Filter>
    </ClInclude>
    <ClInclude Include="Engine\Drawing\ImGuiManager.h">
      <Filter>Engine\Drawing</Filter>
    </ClInclude>
    <ClInclude Include="Engine\Drawing\RenderingData.h">
      <Filter>Engine\Drawing</Filter>
    </ClInclude>
    <ClInclude Include="Engine\Drawing\TextureManager.h">
      <Filter>Engine\Drawing</Filter>
    </ClInclude>
    <ClInclude Include="Engine\Audio\AudioManager.h">
      <Filter>Engine\Audio</Filter>
    </ClInclude>
    <ClInclude Include="Engine\DescriptorHeap\DescriptorHeapManager.h">
      <Filter>Engine\DescriptorHeap</Filter>
    </ClInclude>
    <ClInclude Include="Engine\Drawing\DepthStencil.h">
      <Filter>Engine\Drawing</Filter>
    </ClInclude>
    <ClInclude Include="Engine\Drawing\MeshManager.h">
      <Filter>Engine\Drawing</Filter>
    </ClInclude>
    <ClInclude Include="Engine\math\Transform.h">
      <Filter>Engine\math</Filter>
    </ClInclude>
    <ClInclude Include="Game\Player\Player.h">
      <Filter>Game\Player</Filter>
    </ClInclude>
    <ClInclude Include="Game\Stage\Stage.h">
      <Filter>Game\Stage</Filter>
    </ClInclude>
    <ClInclude Include="Game\Block\Block.h">
      <Filter>Game\Block</Filter>
    </ClInclude>
    <ClInclude Include="Game\SelectScene\SelectScene.h">
      <Filter>Game\SelectScene</Filter>
    </ClInclude>
    <ClInclude Include="Game\DefaultScene.h">
      <Filter>Game</Filter>
    </ClInclude>
    <ClInclude Include="Engine\3d\Animation\Keyframe\Keyframe.h">
      <Filter>Engine\3d\Animation\Keyframe</Filter>
    </ClInclude>
    <ClInclude Include="Engine\3d\Animation\Animation.h">
      <Filter>Engine\3d\Animation</Filter>
    </ClInclude>
    <ClInclude Include="Game\Item\Paint.h">
      <Filter>Game\Item</Filter>
    </ClInclude>
    <ClInclude Include="Engine\Core\DescriptorHandle.h">
      <Filter>Engine\Core</Filter>
    </ClInclude>
    <ClInclude Include="Engine\3d\Skinning\SkinCluster.h">
      <Filter>Engine\3d\Animation\Skinning</Filter>
    </ClInclude>
    <ClInclude Include="Engine\3d\Skinning\SkinningModel.h">
      <Filter>Engine\3d\Animation\Skinning</Filter>
    </ClInclude>
    <ClInclude Include="Engine\Drawing\LineDrawer.h">
      <Filter>Engine\Drawing</Filter>
    </ClInclude>
    <ClInclude Include="Engine\Drawing\PostEffect\PostEffectDrawer.h">
      <Filter>Engine\Drawing\PostEffect</Filter>
    </ClInclude>
    <ClInclude Include="Engine\Drawing\PostEffect\RenderTexture.h">
      <Filter>Engine\Drawing\PostEffect</Filter>
    </ClInclude>
    <ClInclude Include="Engine\Drawing\PostEffect\PostEffects.h">
      <Filter>Engine\Drawing\PostEffect</Filter>
    </ClInclude>
    <ClInclude Include="Engine\math\Camera.h">
      <Filter>Engine\math</Filter>
    </ClInclude>
    <ClInclude Include="Engine\3d\GameObject.h">
      <Filter>Engine\3d</Filter>
    </ClInclude>
    <ClInclude Include="Engine\Collider\Collider.h">
      <Filter>Engine\Collider</Filter>
    </ClInclude>
    <ClInclude Include="Engine\Collider\CollisionManager.h">
      <Filter>Engine\Collider</Filter>
    </ClInclude>
    <ClInclude Include="Engine\Collider\Collision.h">
      <Filter>Engine\Collider</Filter>
    </ClInclude>
    <ClInclude Include="Engine\Drawing\Draw.h">
      <Filter>Engine\Drawing</Filter>
    </ClInclude>
    <ClInclude Include="Engine\3d\Skybox.h">
      <Filter>Engine\3d</Filter>
    </ClInclude>
    <ClInclude Include="Game\Camera\FollowCamera.h">
      <Filter>Game\Camera</Filter>
    </ClInclude>
    <ClInclude Include="Game\Gimmick\Switch.h">
      <Filter>Game\Gimmick</Filter>
    </ClInclude>
    <ClInclude Include="Engine\Tool\LevelDataLoader.h">
      <Filter>Engine\Tool</Filter>
    </ClInclude>
    <ClInclude Include="Engine\Useful\UsefulFunc.h">
      <Filter>Engine\Useful</Filter>
    </ClInclude>
    <ClInclude Include="Game\Goal\Goal.h">
      <Filter>Game\Goal</Filter>
    </ClInclude>
    <ClInclude Include="Game\Gimmick\MoveBox.h">
      <Filter>Game\Gimmick</Filter>
    </ClInclude>
    <ClInclude Include="Game\Gimmick\Warp.h">
      <Filter>Game\Gimmick</Filter>
    </ClInclude>
    <ClInclude Include="Editor\UniqueEditor.h">
      <Filter>Editor</Filter>
    </ClInclude>
    <ClInclude Include="Editor\EditorObject.h">
      <Filter>Editor</Filter>
    </ClInclude>
    <ClInclude Include="Game\EditorScene\EditorScene.h">
      <Filter>Game\EditorScene</Filter>
    </ClInclude>
    <ClInclude Include="Game\Gimmick\GhostBox.h">
      <Filter>Game\Gimmick</Filter>
    </ClInclude>
    <ClInclude Include="Game\TestScene\TestScene.h">
      <Filter>Game\TestScene</Filter>
    </ClInclude>
    <ClInclude Include="Game\SceneChangeManager.h">
      <Filter>Game</Filter>
    </ClInclude>
    <ClInclude Include="Game\Gimmick\CopyCat.h">
      <Filter>Game\Gimmick</Filter>
    </ClInclude>
    <ClInclude Include="Engine\math\DebugCamera.h">
      <Filter>Engine\math</Filter>
    </ClInclude>
    <ClInclude Include="Game\Enemy\Enemy.h">
      <Filter>Game\Enemy</Filter>
    </ClInclude>
    <ClInclude Include="Engine\Drawing\Particle.h">
      <Filter>Engine\Drawing</Filter>
    </ClInclude>
    <ClInclude Include="Engine\Drawing\ParticleManager.h">
      <Filter>Engine\Drawing</Filter>
    </ClInclude>
    <ClInclude Include="Game\Gimmick\ColorHolder.h">
      <Filter>Game\Gimmick</Filter>
    </ClInclude>
    <ClInclude Include="Engine\Core\DescriptorRange.h">
      <Filter>Engine\Core</Filter>
    </ClInclude>
    <ClInclude Include="Engine\Core\InputElement.h">
      <Filter>Engine\Core</Filter>
    </ClInclude>
    <ClInclude Include="Engine\Core\InputLayout.h">
      <Filter>Engine\Core</Filter>
    </ClInclude>
    <ClInclude Include="Engine\Core\RootParameter.h">
      <Filter>Engine\Core</Filter>
    </ClInclude>
    <ClInclude Include="Engine\Core\RootSignatureDesc.h">
      <Filter>Engine\Core</Filter>
    </ClInclude>
    <ClInclude Include="Engine\Core\StaticSampler.h">
      <Filter>Engine\Core</Filter>
    </ClInclude>
    <ClInclude Include="Editor\EditorCommand.h">
      <Filter>Editor</Filter>
    </ClInclude>
    <ClInclude Include="Game\player\PlayerState.h">
      <Filter>Game\Player</Filter>
    </ClInclude>
    <ClInclude Include="Game\Bullet\Bullet.h">
      <Filter>Game\Bullet</Filter>
    </ClInclude>
    <ClInclude Include="Engine\Drawing\ModelManager.h">
      <Filter>Engine\Drawing</Filter>
    </ClInclude>
    <ClInclude Include="Game\ColorSetter\ColorSetter.h">
      <Filter>Game\ColorSetter</Filter>
    </ClInclude>
    <ClInclude Include="Editor\ParticleEditor.h">
      <Filter>Editor</Filter>
    </ClInclude>
  </ItemGroup>
  <ItemGroup>
    <None Include="resources\shaders\Object3d.hlsli">
      <Filter>shader</Filter>
    </None>
    <None Include="resources\shaders\Sprite.hlsli">
      <Filter>shader</Filter>
    </None>
    <None Include="resources\shaders\Particle3d.hlsli">
      <Filter>shader</Filter>
    </None>
    <None Include="Resources\shaders\FullScreen.hlsli">
      <Filter>shader</Filter>
    </None>
    <None Include="Resources\shaders\Line.hlsli">
      <Filter>shader</Filter>
    </None>
    <None Include="Resources\shaders\Skybox.hlsli">
      <Filter>shader</Filter>
    </None>
  </ItemGroup>
  <ItemGroup>
    <FxCompile Include="resources\shaders\Object3d.PS.hlsl">
      <Filter>shader</Filter>
    </FxCompile>
    <FxCompile Include="resources\shaders\Object3d.VS.hlsl">
      <Filter>shader</Filter>
    </FxCompile>
    <FxCompile Include="resources\shaders\Sprite.PS.hlsl">
      <Filter>shader</Filter>
    </FxCompile>
    <FxCompile Include="resources\shaders\Sprite.VS.hlsl">
      <Filter>shader</Filter>
    </FxCompile>
    <FxCompile Include="resources\shaders\Particle3d.PS.hlsl">
      <Filter>shader</Filter>
    </FxCompile>
    <FxCompile Include="resources\shaders\Particle3d.VS.hlsl">
      <Filter>shader</Filter>
    </FxCompile>
    <FxCompile Include="Resources\shaders\CopyImage.PS.hlsl">
      <Filter>shader</Filter>
    </FxCompile>
    <FxCompile Include="Resources\shaders\FullScreen.VS.hlsl">
      <Filter>shader</Filter>
    </FxCompile>
    <FxCompile Include="Resources\shaders\Grayscale.PS.hlsl">
      <Filter>shader</Filter>
    </FxCompile>
    <FxCompile Include="Resources\shaders\SkinningObject3d.VS.hlsl">
      <Filter>shader</Filter>
    </FxCompile>
    <FxCompile Include="Resources\shaders\Line.VS.hlsl">
      <Filter>shader</Filter>
    </FxCompile>
    <FxCompile Include="Resources\shaders\Line.PS.hlsl">
      <Filter>shader</Filter>
    </FxCompile>
    <FxCompile Include="Resources\shaders\Vignette.PS.hlsl">
      <Filter>shader</Filter>
    </FxCompile>
    <FxCompile Include="Resources\shaders\BoxFilter.PS.hlsl">
      <Filter>shader</Filter>
    </FxCompile>
    <FxCompile Include="Resources\shaders\GaussianFilter.PS.hlsl">
      <Filter>shader</Filter>
    </FxCompile>
    <FxCompile Include="Resources\shaders\LuminanceBasedOutline.PS.hlsl">
      <Filter>shader</Filter>
    </FxCompile>
    <FxCompile Include="Resources\shaders\DepthBasedOutline.PS.hlsl">
      <Filter>shader</Filter>
    </FxCompile>
    <FxCompile Include="Resources\shaders\Skybox.PS.hlsl">
      <Filter>shader</Filter>
    </FxCompile>
    <FxCompile Include="Resources\shaders\Skybox.VS.hlsl">
      <Filter>shader</Filter>
    </FxCompile>
    <FxCompile Include="Resources\shaders\RadialBlur.PS.hlsl">
      <Filter>shader</Filter>
    </FxCompile>
    <FxCompile Include="Resources\shaders\HSVFilter.PS.hlsl">
      <Filter>shader</Filter>
    </FxCompile>
    <FxCompile Include="Resources\shaders\Dissolve.PS.hlsl">
      <Filter>shader</Filter>
    </FxCompile>
  </ItemGroup>
</Project>